
Microsoft Visual Studio Solution File, Format Version 12.00
# Visual Studio Version 17
VisualStudioVersion = 17.3.32929.385
MinimumVisualStudioVersion = 10.0.40219.1
Project("{FAE04EC0-301F-11D3-BF4B-00C04F79EFBC}") = "API_REST", "API_REST\API_REST.csproj", "{B08EE54E-A35B-418C-9100-6BC007D65F03}"
EndProject
Global
	GlobalSection(SolutionConfigurationPlatforms) = preSolution
		Debug|Any CPU = Debug|Any CPU
		Release|Any CPU = Release|Any CPU
	EndGlobalSection
	GlobalSection(ProjectConfigurationPlatforms) = postSolution
		{B08EE54E-A35B-418C-9100-6BC007D65F03}.Debug|Any CPU.ActiveCfg = Debug|Any CPU
		{B08EE54E-A35B-418C-9100-6BC007D65F03}.Debug|Any CPU.Build.0 = Debug|Any CPU
		{B08EE54E-A35B-418C-9100-6BC007D65F03}.Release|Any CPU.ActiveCfg = Release|Any CPU
		{B08EE54E-A35B-418C-9100-6BC007D65F03}.Release|Any CPU.Build.0 = Release|Any CPU
	EndGlobalSection
	GlobalSection(SolutionProperties) = preSolution
		HideSolutionNode = FALSE
	EndGlobalSection
	GlobalSection(ExtensibilityGlobals) = postSolution
		SolutionGuid = {BC9F4C7C-0A00-4302-A4D2-BF58E4AC8F95}
	EndGlobalSection
EndGlobal
